
Microsoft Visual Studio Solution File, Format Version 12.00
# Visual Studio Version 17
VisualStudioVersion = 17.7.34031.279
MinimumVisualStudioVersion = 10.0.40219.1
Project("{FAE04EC0-301F-11D3-BF4B-00C04F79EFBC}") = "Zahlen mit Bedingungen", "Zahlen mit Bedingungen.csproj", "{D783606D-AD4C-42D2-BD9A-674DB3FFAE3D}"
EndProject
Global
	GlobalSection(SolutionConfigurationPlatforms) = preSolution
		Debug|Any CPU = Debug|Any CPU
		Release|Any CPU = Release|Any CPU
	EndGlobalSection
	GlobalSection(ProjectConfigurationPlatforms) = postSolution
		{D783606D-AD4C-42D2-BD9A-674DB3FFAE3D}.Debug|Any CPU.ActiveCfg = Debug|Any CPU
		{D783606D-AD4C-42D2-BD9A-674DB3FFAE3D}.Debug|Any CPU.Build.0 = Debug|Any CPU
		{D783606D-AD4C-42D2-BD9A-674DB3FFAE3D}.Release|Any CPU.ActiveCfg = Release|Any CPU
		{D783606D-AD4C-42D2-BD9A-674DB3FFAE3D}.Release|Any CPU.Build.0 = Release|Any CPU
	EndGlobalSection
	GlobalSection(SolutionProperties) = preSolution
		HideSolutionNode = FALSE
	EndGlobalSection
	GlobalSection(ExtensibilityGlobals) = postSolution
		SolutionGuid = {346D8139-E594-41E8-AFB8-0DCD10C34A32}
	EndGlobalSection
EndGlobal
